// !$*UTF8*$!
{
	archiveVersion = 1;
	classes = {
	};
	objectVersion = 46;
	objects = {

/* Begin PBXBuildFile section */
		73A34B6A1550582E007B10B5 /* AppDelegate.m in Sources */ = {isa = PBXBuildFile; fileRef = 73A34B691550582E007B10B5 /* AppDelegate.m */; };
		73A34B6D155058B6007B10B5 /* main.m in Sources */ = {isa = PBXBuildFile; fileRef = 73A34B6C155058B6007B10B5 /* main.m */; };
		73A34B70155058CA007B10B5 /* MainMenu.xib in Resources */ = {isa = PBXBuildFile; fileRef = 73A34B6E155058CA007B10B5 /* MainMenu.xib */; };
		73A34B73155058E8007B10B5 /* PCSnippets-Info.plist in Resources */ = {isa = PBXBuildFile; fileRef = 73A34B72155058E8007B10B5 /* PCSnippets-Info.plist */; };
		73A34B7C155058F9007B10B5 /* NSObject+RuntimeAssociations.m in Sources */ = {isa = PBXBuildFile; fileRef = 73A34B75155058F9007B10B5 /* NSObject+RuntimeAssociations.m */; };
		73A34B7D155058F9007B10B5 /* Objectify.m in Sources */ = {isa = PBXBuildFile; fileRef = 73A34B77155058F9007B10B5 /* Objectify.m */; };
		73A34B7E155058F9007B10B5 /* PCContainerExtensions.m in Sources */ = {isa = PBXBuildFile; fileRef = 73A34B79155058F9007B10B5 /* PCContainerExtensions.m */; };
		73A34B7F155058F9007B10B5 /* PCJSON.m in Sources */ = {isa = PBXBuildFile; fileRef = 73A34B7B155058F9007B10B5 /* PCJSON.m */; };
		73A34B8515505DA4007B10B5 /* README.md in Resources */ = {isa = PBXBuildFile; fileRef = 73A34B8415505DA4007B10B5 /* README.md */; };
		73B4C3BE15249E7600727734 /* Cocoa.framework in Frameworks */ = {isa = PBXBuildFile; fileRef = 73B4C3BD15249E7600727734 /* Cocoa.framework */; };
/* End PBXBuildFile section */

/* Begin PBXFileReference section */
		73A146FF1562BD1E00BE055E /* PCContainerExtensions.h */ = {isa = PBXFileReference; fileEncoding = 4; lastKnownFileType = sourcecode.c.h; name = PCContainerExtensions.h; path = PCSnippets/PCContainerExtensions.h; sourceTree = SOURCE_ROOT; };
		73A34B681550582E007B10B5 /* AppDelegate.h */ = {isa = PBXFileReference; fileEncoding = 4; lastKnownFileType = sourcecode.c.h; name = AppDelegate.h; path = PCSnippets/AppDelegate.h; sourceTree = SOURCE_ROOT; };
		73A34B691550582E007B10B5 /* AppDelegate.m */ = {isa = PBXFileReference; fileEncoding = 4; lastKnownFileType = sourcecode.c.objc; name = AppDelegate.m; path = PCSnippets/AppDelegate.m; sourceTree = SOURCE_ROOT; };
		73A34B6C155058B6007B10B5 /* main.m */ = {isa = PBXFileReference; fileEncoding = 4; lastKnownFileType = sourcecode.c.objc; name = main.m; path = PCSnippets/main.m; sourceTree = SOURCE_ROOT; };
		73A34B6F155058CA007B10B5 /* en */ = {isa = PBXFileReference; lastKnownFileType = file.xib; name = en; path = PCSnippets/en.lproj/MainMenu.xib; sourceTree = SOURCE_ROOT; };
		73A34B71155058E3007B10B5 /* PCSnippets-Prefix.pch */ = {isa = PBXFileReference; lastKnownFileType = sourcecode.c.h; name = "PCSnippets-Prefix.pch"; path = "PCSnippets/PCSnippets-Prefix.pch"; sourceTree = SOURCE_ROOT; };
		73A34B72155058E8007B10B5 /* PCSnippets-Info.plist */ = {isa = PBXFileReference; fileEncoding = 4; lastKnownFileType = text.plist.xml; name = "PCSnippets-Info.plist"; path = "PCSnippets/PCSnippets-Info.plist"; sourceTree = SOURCE_ROOT; };
		73A34B74155058F9007B10B5 /* NSObject+RuntimeAssociations.h */ = {isa = PBXFileReference; fileEncoding = 4; lastKnownFileType = sourcecode.c.h; name = "NSObject+RuntimeAssociations.h"; path = "PCSnippets/NSObject+RuntimeAssociations.h"; sourceTree = SOURCE_ROOT; };
		73A34B75155058F9007B10B5 /* NSObject+RuntimeAssociations.m */ = {isa = PBXFileReference; fileEncoding = 4; lastKnownFileType = sourcecode.c.objc; name = "NSObject+RuntimeAssociations.m"; path = "PCSnippets/NSObject+RuntimeAssociations.m"; sourceTree = SOURCE_ROOT; };
		73A34B76155058F9007B10B5 /* Objectify.h */ = {isa = PBXFileReference; fileEncoding = 4; lastKnownFileType = sourcecode.c.h; name = Objectify.h; path = PCSnippets/Objectify.h; sourceTree = SOURCE_ROOT; };
		73A34B77155058F9007B10B5 /* Objectify.m */ = {isa = PBXFileReference; fileEncoding = 4; lastKnownFileType = sourcecode.c.objc; name = Objectify.m; path = PCSnippets/Objectify.m; sourceTree = SOURCE_ROOT; };
		73A34B79155058F9007B10B5 /* PCContainerExtensions.m */ = {isa = PBXFileReference; fileEncoding = 4; lastKnownFileType = sourcecode.c.objc; name = PCContainerExtensions.m; path = PCSnippets/PCContainerExtensions.m; sourceTree = SOURCE_ROOT; };
		73A34B7A155058F9007B10B5 /* PCJSON.h */ = {isa = PBXFileReference; fileEncoding = 4; lastKnownFileType = sourcecode.c.h; name = PCJSON.h; path = PCSnippets/PCJSON.h; sourceTree = SOURCE_ROOT; };
		73A34B7B155058F9007B10B5 /* PCJSON.m */ = {isa = PBXFileReference; fileEncoding = 4; lastKnownFileType = sourcecode.c.objc; name = PCJSON.m; path = PCSnippets/PCJSON.m; sourceTree = SOURCE_ROOT; };
		73A34B8415505DA4007B10B5 /* README.md */ = {isa = PBXFileReference; fileEncoding = 4; lastKnownFileType = text; path = README.md; sourceTree = "<group>"; };
		73B4C3B915249E7600727734 /* PCSnippets.app */ = {isa = PBXFileReference; explicitFileType = wrapper.application; includeInIndex = 0; path = PCSnippets.app; sourceTree = BUILT_PRODUCTS_DIR; };
		73B4C3BD15249E7600727734 /* Cocoa.framework */ = {isa = PBXFileReference; lastKnownFileType = wrapper.framework; name = Cocoa.framework; path = System/Library/Frameworks/Cocoa.framework; sourceTree = SDKROOT; };
		73B4C3C015249E7600727734 /* AppKit.framework */ = {isa = PBXFileReference; lastKnownFileType = wrapper.framework; name = AppKit.framework; path = System/Library/Frameworks/AppKit.framework; sourceTree = SDKROOT; };
		73B4C3C115249E7600727734 /* CoreData.framework */ = {isa = PBXFileReference; lastKnownFileType = wrapper.framework; name = CoreData.framework; path = System/Library/Frameworks/CoreData.framework; sourceTree = SDKROOT; };
		73B4C3C215249E7600727734 /* Foundation.framework */ = {isa = PBXFileReference; lastKnownFileType = wrapper.framework; name = Foundation.framework; path = System/Library/Frameworks/Foundation.framework; sourceTree = SDKROOT; };
/* End PBXFileReference section */

/* Begin PBXFrameworksBuildPhase section */
		73B4C3B615249E7600727734 /* Frameworks */ = {
			isa = PBXFrameworksBuildPhase;
			buildActionMask = 2147483647;
			files = (
				73B4C3BE15249E7600727734 /* Cocoa.framework in Frameworks */,
			);
			runOnlyForDeploymentPostprocessing = 0;
		};
/* End PBXFrameworksBuildPhase section */

/* Begin PBXGroup section */
		73A34B8015505900007B10B5 /* Runtime Associations */ = {
			isa = PBXGroup;
			children = (
				73A34B74155058F9007B10B5 /* NSObject+RuntimeAssociations.h */,
				73A34B75155058F9007B10B5 /* NSObject+RuntimeAssociations.m */,
			);
			name = "Runtime Associations";
			sourceTree = "<group>";
		};
		73A34B8115505907007B10B5 /* Objectify */ = {
			isa = PBXGroup;
			children = (
				73A34B76155058F9007B10B5 /* Objectify.h */,
				73A34B77155058F9007B10B5 /* Objectify.m */,
			);
			name = Objectify;
			sourceTree = "<group>";
		};
		73A34B821550590D007B10B5 /* Container Comprehension */ = {
			isa = PBXGroup;
			children = (
				73A146FF1562BD1E00BE055E /* PCContainerExtensions.h */,
				73A34B79155058F9007B10B5 /* PCContainerExtensions.m */,
			);
			name = "Container Comprehension";
			sourceTree = "<group>";
		};
		73A34B8315505916007B10B5 /* JSON Simplification */ = {
			isa = PBXGroup;
			children = (
				73A34B7A155058F9007B10B5 /* PCJSON.h */,
				73A34B7B155058F9007B10B5 /* PCJSON.m */,
			);
			name = "JSON Simplification";
			sourceTree = "<group>";
		};
		73B4C3AE15249E7600727734 = {
			isa = PBXGroup;
			children = (
				73A34B8415505DA4007B10B5 /* README.md */,
				73B4C3C315249E7600727734 /* PCSnippets */,
				73B4C3BC15249E7600727734 /* Frameworks */,
				73B4C3BA15249E7600727734 /* Products */,
			);
			sourceTree = "<group>";
		};
		73B4C3BA15249E7600727734 /* Products */ = {
			isa = PBXGroup;
			children = (
				73B4C3B915249E7600727734 /* PCSnippets.app */,
			);
			name = Products;
			sourceTree = "<group>";
		};
		73B4C3BC15249E7600727734 /* Frameworks */ = {
			isa = PBXGroup;
			children = (
				73B4C3BD15249E7600727734 /* Cocoa.framework */,
				73B4C3BF15249E7600727734 /* Other Frameworks */,
			);
			name = Frameworks;
			sourceTree = "<group>";
		};
		73B4C3BF15249E7600727734 /* Other Frameworks */ = {
			isa = PBXGroup;
			children = (
				73B4C3C015249E7600727734 /* AppKit.framework */,
				73B4C3C115249E7600727734 /* CoreData.framework */,
				73B4C3C215249E7600727734 /* Foundation.framework */,
			);
			name = "Other Frameworks";
			sourceTree = "<group>";
		};
		73B4C3C315249E7600727734 /* PCSnippets */ = {
			isa = PBXGroup;
			children = (
				73A34B8015505900007B10B5 /* Runtime Associations */,
				73A34B8115505907007B10B5 /* Objectify */,
				73A34B821550590D007B10B5 /* Container Comprehension */,
				73A34B8315505916007B10B5 /* JSON Simplification */,
				73A34B681550582E007B10B5 /* AppDelegate.h */,
				73A34B691550582E007B10B5 /* AppDelegate.m */,
				73A34B6E155058CA007B10B5 /* MainMenu.xib */,
				73B4C3C415249E7600727734 /* Supporting Files */,
			);
			name = PCSnippets;
			path = ITSnippets;
			sourceTree = "<group>";
		};
		73B4C3C415249E7600727734 /* Supporting Files */ = {
			isa = PBXGroup;
			children = (
				73A34B6C155058B6007B10B5 /* main.m */,
				73A34B71155058E3007B10B5 /* PCSnippets-Prefix.pch */,
				73A34B72155058E8007B10B5 /* PCSnippets-Info.plist */,
			);
			name = "Supporting Files";
			sourceTree = "<group>";
		};
/* End PBXGroup section */

/* Begin PBXNativeTarget section */
		73B4C3B815249E7600727734 /* PCSnippets */ = {
			isa = PBXNativeTarget;
			buildConfigurationList = 73B4C3D715249E7600727734 /* Build configuration list for PBXNativeTarget "PCSnippets" */;
			buildPhases = (
				73B4C3B515249E7600727734 /* Sources */,
				73B4C3B615249E7600727734 /* Frameworks */,
				73B4C3B715249E7600727734 /* Resources */,
			);
			buildRules = (
			);
			dependencies = (
			);
			name = PCSnippets;
			productName = ITSnippets;
			productReference = 73B4C3B915249E7600727734 /* PCSnippets.app */;
			productType = "com.apple.product-type.application";
		};
/* End PBXNativeTarget section */

/* Begin PBXProject section */
		73B4C3B015249E7600727734 /* Project object */ = {
			isa = PBXProject;
			attributes = {
				LastUpgradeCheck = 0430;
				ORGANIZATIONNAME = "Inspyre Technologies";
			};
			buildConfigurationList = 73B4C3B315249E7600727734 /* Build configuration list for PBXProject "PCSnippets" */;
			compatibilityVersion = "Xcode 3.2";
			developmentRegion = English;
			hasScannedForEncodings = 0;
			knownRegions = (
				en,
			);
			mainGroup = 73B4C3AE15249E7600727734;
			productRefGroup = 73B4C3BA15249E7600727734 /* Products */;
			projectDirPath = "";
			projectRoot = "";
			targets = (
				73B4C3B815249E7600727734 /* PCSnippets */,
			);
		};
/* End PBXProject section */

/* Begin PBXResourcesBuildPhase section */
		73B4C3B715249E7600727734 /* Resources */ = {
			isa = PBXResourcesBuildPhase;
			buildActionMask = 2147483647;
			files = (
				73A34B70155058CA007B10B5 /* MainMenu.xib in Resources */,
				73A34B73155058E8007B10B5 /* PCSnippets-Info.plist in Resources */,
				73A34B8515505DA4007B10B5 /* README.md in Resources */,
			);
			runOnlyForDeploymentPostprocessing = 0;
		};
/* End PBXResourcesBuildPhase section */

/* Begin PBXSourcesBuildPhase section */
		73B4C3B515249E7600727734 /* Sources */ = {
			isa = PBXSourcesBuildPhase;
			buildActionMask = 2147483647;
			files = (
				73A34B6A1550582E007B10B5 /* AppDelegate.m in Sources */,
				73A34B6D155058B6007B10B5 /* main.m in Sources */,
				73A34B7C155058F9007B10B5 /* NSObject+RuntimeAssociations.m in Sources */,
				73A34B7D155058F9007B10B5 /* Objectify.m in Sources */,
				73A34B7E155058F9007B10B5 /* PCContainerExtensions.m in Sources */,
				73A34B7F155058F9007B10B5 /* PCJSON.m in Sources */,
			);
			runOnlyForDeploymentPostprocessing = 0;
		};
/* End PBXSourcesBuildPhase section */

/* Begin PBXVariantGroup section */
		73A34B6E155058CA007B10B5 /* MainMenu.xib */ = {
			isa = PBXVariantGroup;
			children = (
				73A34B6F155058CA007B10B5 /* en */,
			);
			name = MainMenu.xib;
			sourceTree = "<group>";
		};
/* End PBXVariantGroup section */

/* Begin XCBuildConfiguration section */
		73B4C3D515249E7600727734 /* Debug */ = {
			isa = XCBuildConfiguration;
			buildSettings = {
				ALWAYS_SEARCH_USER_PATHS = NO;
				ARCHS = "$(ARCHS_STANDARD_64_BIT)";
				CLANG_ENABLE_OBJC_ARC = YES;
				COPY_PHASE_STRIP = NO;
				GCC_C_LANGUAGE_STANDARD = gnu99;
				GCC_DYNAMIC_NO_PIC = NO;
				GCC_ENABLE_OBJC_EXCEPTIONS = YES;
				GCC_OPTIMIZATION_LEVEL = 0;
				GCC_PREPROCESSOR_DEFINITIONS = (
					"DEBUG=1",
					"$(inherited)",
				);
				GCC_SYMBOLS_PRIVATE_EXTERN = NO;
				GCC_VERSION = com.apple.compilers.llvm.clang.1_0;
				GCC_WARN_64_TO_32_BIT_CONVERSION = YES;
				GCC_WARN_ABOUT_RETURN_TYPE = YES;
				GCC_WARN_UNINITIALIZED_AUTOS = YES;
				GCC_WARN_UNUSED_VARIABLE = YES;
				MACOSX_DEPLOYMENT_TARGET = 10.7;
				ONLY_ACTIVE_ARCH = YES;
				SDKROOT = macosx;
			};
			name = Debug;
		};
		73B4C3D615249E7600727734 /* Release */ = {
			isa = XCBuildConfiguration;
			buildSettings = {
				ALWAYS_SEARCH_USER_PATHS = NO;
				ARCHS = "$(ARCHS_STANDARD_64_BIT)";
				CLANG_ENABLE_OBJC_ARC = YES;
				COPY_PHASE_STRIP = YES;
				DEBUG_INFORMATION_FORMAT = "dwarf-with-dsym";
				GCC_C_LANGUAGE_STANDARD = gnu99;
				GCC_ENABLE_OBJC_EXCEPTIONS = YES;
				GCC_VERSION = com.apple.compilers.llvm.clang.1_0;
				GCC_WARN_64_TO_32_BIT_CONVERSION = YES;
				GCC_WARN_ABOUT_RETURN_TYPE = YES;
				GCC_WARN_UNINITIALIZED_AUTOS = YES;
				GCC_WARN_UNUSED_VARIABLE = YES;
				MACOSX_DEPLOYMENT_TARGET = 10.7;
				SDKROOT = macosx;
			};
			name = Release;
		};
		73B4C3D815249E7600727734 /* Debug */ = {
			isa = XCBuildConfiguration;
			buildSettings = {
				GCC_PRECOMPILE_PREFIX_HEADER = YES;
				GCC_PREFIX_HEADER = "PCSnippets/PCSnippets-Prefix.pch";
				INFOPLIST_FILE = "PCSnippets/PCSnippets-Info.plist";
				PRODUCT_NAME = PCSnippets;
				WRAPPER_EXTENSION = app;
			};
			name = Debug;
		};
		73B4C3D915249E7600727734 /* Release */ = {
			isa = XCBuildConfiguration;
			buildSettings = {
				GCC_PRECOMPILE_PREFIX_HEADER = YES;
				GCC_PREFIX_HEADER = "PCSnippets/PCSnippets-Prefix.pch";
				INFOPLIST_FILE = "PCSnippets/PCSnippets-Info.plist";
				PRODUCT_NAME = PCSnippets;
				WRAPPER_EXTENSION = app;
			};
			name = Release;
		};
/* End XCBuildConfiguration section */

/* Begin XCConfigurationList section */
		73B4C3B315249E7600727734 /* Build configuration list for PBXProject "PCSnippets" */ = {
			isa = XCConfigurationList;
			buildConfigurations = (
				73B4C3D515249E7600727734 /* Debug */,
				73B4C3D615249E7600727734 /* Release */,
			);
			defaultConfigurationIsVisible = 0;
			defaultConfigurationName = Release;
		};
		73B4C3D715249E7600727734 /* Build configuration list for PBXNativeTarget "PCSnippets" */ = {
			isa = XCConfigurationList;
			buildConfigurations = (
				73B4C3D815249E7600727734 /* Debug */,
				73B4C3D915249E7600727734 /* Release */,
			);
			defaultConfigurationIsVisible = 0;
			defaultConfigurationName = Release;
		};
/* End XCConfigurationList section */
	};
	rootObject = 73B4C3B015249E7600727734 /* Project object */;
}
